
Microsoft Visual Studio Solution File, Format Version 12.00
# Visual Studio 15
VisualStudioVersion = 15.0.27004.2002
MinimumVisualStudioVersion = 10.0.40219.1
Project("{FAE04EC0-301F-11D3-BF4B-00C04F79EFBC}") = "Evlon.SyncCache", "Evlon.SyncCache\Evlon.SyncCache.csproj", "{4C7C0F98-72DD-4998-99B0-79CD2561C067}"
EndProject
Project("{FAE04EC0-301F-11D3-BF4B-00C04F79EFBC}") = "UseSample", "UseSample\UseSample.csproj", "{C3361587-44CA-4E41-98AA-B478E08B252F}"
EndProject
Global
	GlobalSection(SolutionConfigurationPlatforms) = preSolution
		Debug|Any CPU = Debug|Any CPU
		Release|Any CPU = Release|Any CPU
	EndGlobalSection
	GlobalSection(ProjectConfigurationPlatforms) = postSolution
		{4C7C0F98-72DD-4998-99B0-79CD2561C067}.Debug|Any CPU.ActiveCfg = Debug|Any CPU
		{4C7C0F98-72DD-4998-99B0-79CD2561C067}.Debug|Any CPU.Build.0 = Debug|Any CPU
		{4C7C0F98-72DD-4998-99B0-79CD2561C067}.Release|Any CPU.ActiveCfg = Release|Any CPU
		{4C7C0F98-72DD-4998-99B0-79CD2561C067}.Release|Any CPU.Build.0 = Release|Any CPU
		{C3361587-44CA-4E41-98AA-B478E08B252F}.Debug|Any CPU.ActiveCfg = Debug|Any CPU
		{C3361587-44CA-4E41-98AA-B478E08B252F}.Debug|Any CPU.Build.0 = Debug|Any CPU
		{C3361587-44CA-4E41-98AA-B478E08B252F}.Release|Any CPU.ActiveCfg = Release|Any CPU
		{C3361587-44CA-4E41-98AA-B478E08B252F}.Release|Any CPU.Build.0 = Release|Any CPU
	EndGlobalSection
	GlobalSection(SolutionProperties) = preSolution
		HideSolutionNode = FALSE
	EndGlobalSection
	GlobalSection(ExtensibilityGlobals) = postSolution
		SolutionGuid = {19899ED5-7E81-4505-B9FC-E0E41687964A}
	EndGlobalSection
EndGlobal
